// !$*UTF8*$!
{
	archiveVersion = 1;
	classes = {
	};
	objectVersion = 56;
	objects = {

/* Begin PBXBuildFile section */
		4A8CEB852941EDFB00CE00BA /* MyFirstiOSAppApp.swift in Sources */ = {isa = PBXBuildFile; fileRef = 4A8CEB842941EDFB00CE00BA /* MyFirstiOSAppApp.swift */; };
		4A8CEB872941EDFB00CE00BA /* ContentView.swift in Sources */ = {isa = PBXBuildFile; fileRef = 4A8CEB862941EDFB00CE00BA /* ContentView.swift */; };
		4A8CEB892941EDFC00CE00BA /* Assets.xcassets in Resources */ = {isa = PBXBuildFile; fileRef = 4A8CEB882941EDFC00CE00BA /* Assets.xcassets */; };
		4A8CEB8C2941EDFC00CE00BA /* Preview Assets.xcassets in Resources */ = {isa = PBXBuildFile; fileRef = 4A8CEB8B2941EDFC00CE00BA /* Preview Assets.xcassets */; };
		4A8CEB932941F82200CE00BA /* DetailView.swift in Sources */ = {isa = PBXBuildFile; fileRef = 4A8CEB922941F82200CE00BA /* DetailView.swift */; };
		4A8CEB952941FAAA00CE00BA /* CardView.swift in Sources */ = {isa = PBXBuildFile; fileRef = 4A8CEB942941FAA900CE00BA /* CardView.swift */; };
		4A8CEB972941FB0400CE00BA /* HomeView.swift in Sources */ = {isa = PBXBuildFile; fileRef = 4A8CEB962941FB0400CE00BA /* HomeView.swift */; };
		4A8CEB992941FCCD00CE00BA /* ListView.swift in Sources */ = {isa = PBXBuildFile; fileRef = 4A8CEB982941FCCD00CE00BA /* ListView.swift */; };
		4A8CEB9B2941FEA600CE00BA /* ListItem.swift in Sources */ = {isa = PBXBuildFile; fileRef = 4A8CEB9A2941FEA600CE00BA /* ListItem.swift */; };
		4A8CEBA02942012100CE00BA /* Data.swift in Sources */ = {isa = PBXBuildFile; fileRef = 4A8CEB9F2942012100CE00BA /* Data.swift */; };
		4A8CEBA2294204DB00CE00BA /* SmallCardView.swift in Sources */ = {isa = PBXBuildFile; fileRef = 4A8CEBA1294204DB00CE00BA /* SmallCardView.swift */; };
/* End PBXBuildFile section */

/* Begin PBXFileReference section */
		4A8CEB812941EDFB00CE00BA /* MyFirstiOSApp.app */ = {isa = PBXFileReference; explicitFileType = wrapper.application; includeInIndex = 0; path = MyFirstiOSApp.app; sourceTree = BUILT_PRODUCTS_DIR; };
		4A8CEB842941EDFB00CE00BA /* MyFirstiOSAppApp.swift */ = {isa = PBXFileReference; lastKnownFileType = sourcecode.swift; path = MyFirstiOSAppApp.swift; sourceTree = "<group>"; };
		4A8CEB862941EDFB00CE00BA /* ContentView.swift */ = {isa = PBXFileReference; lastKnownFileType = sourcecode.swift; path = ContentView.swift; sourceTree = "<group>"; };
		4A8CEB882941EDFC00CE00BA /* Assets.xcassets */ = {isa = PBXFileReference; lastKnownFileType = folder.assetcatalog; path = Assets.xcassets; sourceTree = "<group>"; };
		4A8CEB8B2941EDFC00CE00BA /* Preview Assets.xcassets */ = {isa = PBXFileReference; lastKnownFileType = folder.assetcatalog; path = "Preview Assets.xcassets"; sourceTree = "<group>"; };
		4A8CEB922941F82200CE00BA /* DetailView.swift */ = {isa = PBXFileReference; lastKnownFileType = sourcecode.swift; path = DetailView.swift; sourceTree = "<group>"; };
		4A8CEB942941FAA900CE00BA /* CardView.swift */ = {isa = PBXFileReference; lastKnownFileType = sourcecode.swift; path = CardView.swift; sourceTree = "<group>"; };
		4A8CEB962941FB0400CE00BA /* HomeView.swift */ = {isa = PBXFileReference; lastKnownFileType = sourcecode.swift; path = HomeView.swift; sourceTree = "<group>"; };
		4A8CEB982941FCCD00CE00BA /* ListView.swift */ = {isa = PBXFileReference; lastKnownFileType = sourcecode.swift; path = ListView.swift; sourceTree = "<group>"; };
		4A8CEB9A2941FEA600CE00BA /* ListItem.swift */ = {isa = PBXFileReference; lastKnownFileType = sourcecode.swift; path = ListItem.swift; sourceTree = "<group>"; };
		4A8CEB9F2942012100CE00BA /* Data.swift */ = {isa = PBXFileReference; lastKnownFileType = sourcecode.swift; path = Data.swift; sourceTree = "<group>"; };
		4A8CEBA1294204DB00CE00BA /* SmallCardView.swift */ = {isa = PBXFileReference; lastKnownFileType = sourcecode.swift; path = SmallCardView.swift; sourceTree = "<group>"; };
/* End PBXFileReference section */

/* Begin PBXFrameworksBuildPhase section */
		4A8CEB7E2941EDFB00CE00BA /* Frameworks */ = {
			isa = PBXFrameworksBuildPhase;
			buildActionMask = 2147483647;
			files = (
			);
			runOnlyForDeploymentPostprocessing = 0;
		};
/* End PBXFrameworksBuildPhase section */

/* Begin PBXGroup section */
		4A8CEB782941EDFB00CE00BA = {
			isa = PBXGroup;
			children = (
				4A8CEB832941EDFB00CE00BA /* MyFirstiOSApp */,
				4A8CEB822941EDFB00CE00BA /* Products */,
			);
			sourceTree = "<group>";
		};
		4A8CEB822941EDFB00CE00BA /* Products */ = {
			isa = PBXGroup;
			children = (
				4A8CEB812941EDFB00CE00BA /* MyFirstiOSApp.app */,
			);
			name = Products;
			sourceTree = "<group>";
		};
		4A8CEB832941EDFB00CE00BA /* MyFirstiOSApp */ = {
			isa = PBXGroup;
			children = (
				4A8CEB842941EDFB00CE00BA /* MyFirstiOSAppApp.swift */,
				4A8CEB9F2942012100CE00BA /* Data.swift */,
				4A8CEB9C2942008D00CE00BA /* Navigation */,
				4A8CEB9D2942009B00CE00BA /* Views */,
				4A8CEB9E294200C200CE00BA /* Components */,
				4A8CEB882941EDFC00CE00BA /* Assets.xcassets */,
				4A8CEB8A2941EDFC00CE00BA /* Preview Content */,
			);
			path = MyFirstiOSApp;
			sourceTree = "<group>";
		};
		4A8CEB8A2941EDFC00CE00BA /* Preview Content */ = {
			isa = PBXGroup;
			children = (
				4A8CEB8B2941EDFC00CE00BA /* Preview Assets.xcassets */,
			);
			path = "Preview Content";
			sourceTree = "<group>";
		};
		4A8CEB9C2942008D00CE00BA /* Navigation */ = {
			isa = PBXGroup;
			children = (
				4A8CEB862941EDFB00CE00BA /* ContentView.swift */,
			);
			path = Navigation;
			sourceTree = "<group>";
		};
		4A8CEB9D2942009B00CE00BA /* Views */ = {
			isa = PBXGroup;
			children = (
				4A8CEB962941FB0400CE00BA /* HomeView.swift */,
				4A8CEB982941FCCD00CE00BA /* ListView.swift */,
				4A8CEB922941F82200CE00BA /* DetailView.swift */,
			);
			path = Views;
			sourceTree = "<group>";
		};
		4A8CEB9E294200C200CE00BA /* Components */ = {
			isa = PBXGroup;
			children = (
				4A8CEB942941FAA900CE00BA /* CardView.swift */,
				4A8CEBA1294204DB00CE00BA /* SmallCardView.swift */,
				4A8CEB9A2941FEA600CE00BA /* ListItem.swift */,
			);
			path = Components;
			sourceTree = "<group>";
		};
/* End PBXGroup section */

/* Begin PBXNativeTarget section */
		4A8CEB802941EDFB00CE00BA /* MyFirstiOSApp */ = {
			isa = PBXNativeTarget;
			buildConfigurationList = 4A8CEB8F2941EDFC00CE00BA /* Build configuration list for PBXNativeTarget "MyFirstiOSApp" */;
			buildPhases = (
				4A8CEB7D2941EDFB00CE00BA /* Sources */,
				4A8CEB7E2941EDFB00CE00BA /* Frameworks */,
				4A8CEB7F2941EDFB00CE00BA /* Resources */,
			);
			buildRules = (
			);
			dependencies = (
			);
			name = MyFirstiOSApp;
			productName = MyFirstiOSApp;
			productReference = 4A8CEB812941EDFB00CE00BA /* MyFirstiOSApp.app */;
			productType = "com.apple.product-type.application";
		};
/* End PBXNativeTarget section */

/* Begin PBXProject section */
		4A8CEB792941EDFB00CE00BA /* Project object */ = {
			isa = PBXProject;
			attributes = {
				BuildIndependentTargetsInParallel = 1;
				LastSwiftUpdateCheck = 1410;
				LastUpgradeCheck = 1410;
				TargetAttributes = {
					4A8CEB802941EDFB00CE00BA = {
						CreatedOnToolsVersion = 14.1;
					};
				};
			};
			buildConfigurationList = 4A8CEB7C2941EDFB00CE00BA /* Build configuration list for PBXProject "MyFirstiOSApp" */;
			compatibilityVersion = "Xcode 14.0";
			developmentRegion = en;
			hasScannedForEncodings = 0;
			knownRegions = (
				en,
				Base,
			);
			mainGroup = 4A8CEB782941EDFB00CE00BA;
			productRefGroup = 4A8CEB822941EDFB00CE00BA /* Products */;
			projectDirPath = "";
			projectRoot = "";
			targets = (
				4A8CEB802941EDFB00CE00BA /* MyFirstiOSApp */,
			);
		};
/* End PBXProject section */

/* Begin PBXResourcesBuildPhase section */
		4A8CEB7F2941EDFB00CE00BA /* Resources */ = {
			isa = PBXResourcesBuildPhase;
			buildActionMask = 2147483647;
			files = (
				4A8CEB8C2941EDFC00CE00BA /* Preview Assets.xcassets in Resources */,
				4A8CEB892941EDFC00CE00BA /* Assets.xcassets in Resources */,
			);
			runOnlyForDeploymentPostprocessing = 0;
		};
/* End PBXResourcesBuildPhase section */

/* Begin PBXSourcesBuildPhase section */
		4A8CEB7D2941EDFB00CE00BA /* Sources */ = {
			isa = PBXSourcesBuildPhase;
			buildActionMask = 2147483647;
			files = (
				4A8CEB872941EDFB00CE00BA /* ContentView.swift in Sources */,
				4A8CEBA2294204DB00CE00BA /* SmallCardView.swift in Sources */,
				4A8CEB9B2941FEA600CE00BA /* ListItem.swift in Sources */,
				4A8CEB932941F82200CE00BA /* DetailView.swift in Sources */,
				4A8CEB992941FCCD00CE00BA /* ListView.swift in Sources */,
				4A8CEB952941FAAA00CE00BA /* CardView.swift in Sources */,
				4A8CEB972941FB0400CE00BA /* HomeView.swift in Sources */,
				4A8CEB852941EDFB00CE00BA /* MyFirstiOSAppApp.swift in Sources */,
				4A8CEBA02942012100CE00BA /* Data.swift in Sources */,
			);
			runOnlyForDeploymentPostprocessing = 0;
		};
/* End PBXSourcesBuildPhase section */

/* Begin XCBuildConfiguration section */
		4A8CEB8D2941EDFC00CE00BA /* Debug */ = {
			isa = XCBuildConfiguration;
			buildSettings = {
				ALWAYS_SEARCH_USER_PATHS = NO;
				CLANG_ANALYZER_NONNULL = YES;
				CLANG_ANALYZER_NUMBER_OBJECT_CONVERSION = YES_AGGRESSIVE;
				CLANG_CXX_LANGUAGE_STANDARD = "gnu++20";
				CLANG_ENABLE_MODULES = YES;
				CLANG_ENABLE_OBJC_ARC = YES;
				CLANG_ENABLE_OBJC_WEAK = YES;
				CLANG_WARN_BLOCK_CAPTURE_AUTORELEASING = YES;
				CLANG_WARN_BOOL_CONVERSION = YES;
				CLANG_WARN_COMMA = YES;
				CLANG_WARN_CONSTANT_CONVERSION = YES;
				CLANG_WARN_DEPRECATED_OBJC_IMPLEMENTATIONS = YES;
				CLANG_WARN_DIRECT_OBJC_ISA_USAGE = YES_ERROR;
				CLANG_WARN_DOCUMENTATION_COMMENTS = YES;
				CLANG_WARN_EMPTY_BODY = YES;
				CLANG_WARN_ENUM_CONVERSION = YES;
				CLANG_WARN_INFINITE_RECURSION = YES;
				CLANG_WARN_INT_CONVERSION = YES;
				CLANG_WARN_NON_LITERAL_NULL_CONVERSION = YES;
				CLANG_WARN_OBJC_IMPLICIT_RETAIN_SELF = YES;
				CLANG_WARN_OBJC_LITERAL_CONVERSION = YES;
				CLANG_WARN_OBJC_ROOT_CLASS = YES_ERROR;
				CLANG_WARN_QUOTED_INCLUDE_IN_FRAMEWORK_HEADER = YES;
				CLANG_WARN_RANGE_LOOP_ANALYSIS = YES;
				CLANG_WARN_STRICT_PROTOTYPES = YES;
				CLANG_WARN_SUSPICIOUS_MOVE = YES;
				CLANG_WARN_UNGUARDED_AVAILABILITY = YES_AGGRESSIVE;
				CLANG_WARN_UNREACHABLE_CODE = YES;
				CLANG_WARN__DUPLICATE_METHOD_MATCH = YES;
				COPY_PHASE_STRIP = NO;
				DEBUG_INFORMATION_FORMAT = dwarf;
				ENABLE_STRICT_OBJC_MSGSEND = YES;
				ENABLE_TESTABILITY = YES;
				GCC_C_LANGUAGE_STANDARD = gnu11;
				GCC_DYNAMIC_NO_PIC = NO;
				GCC_NO_COMMON_BLOCKS = YES;
				GCC_OPTIMIZATION_LEVEL = 0;
				GCC_PREPROCESSOR_DEFINITIONS = (
					"DEBUG=1",
					"$(inherited)",
				);
				GCC_WARN_64_TO_32_BIT_CONVERSION = YES;
				GCC_WARN_ABOUT_RETURN_TYPE = YES_ERROR;
				GCC_WARN_UNDECLARED_SELECTOR = YES;
				GCC_WARN_UNINITIALIZED_AUTOS = YES_AGGRESSIVE;
				GCC_WARN_UNUSED_FUNCTION = YES;
				GCC_WARN_UNUSED_VARIABLE = YES;
				IPHONEOS_DEPLOYMENT_TARGET = 16.1;
				MTL_ENABLE_DEBUG_INFO = INCLUDE_SOURCE;
				MTL_FAST_MATH = YES;
				ONLY_ACTIVE_ARCH = YES;
				SDKROOT = iphoneos;
				SWIFT_ACTIVE_COMPILATION_CONDITIONS = DEBUG;
				SWIFT_OPTIMIZATION_LEVEL = "-Onone";
			};
			name = Debug;
		};
		4A8CEB8E2941EDFC00CE00BA /* Release */ = {
			isa = XCBuildConfiguration;
			buildSettings = {
				ALWAYS_SEARCH_USER_PATHS = NO;
				CLANG_ANALYZER_NONNULL = YES;
				CLANG_ANALYZER_NUMBER_OBJECT_CONVERSION = YES_AGGRESSIVE;
				CLANG_CXX_LANGUAGE_STANDARD = "gnu++20";
				CLANG_ENABLE_MODULES = YES;
				CLANG_ENABLE_OBJC_ARC = YES;
				CLANG_ENABLE_OBJC_WEAK = YES;
				CLANG_WARN_BLOCK_CAPTURE_AUTORELEASING = YES;
				CLANG_WARN_BOOL_CONVERSION = YES;
				CLANG_WARN_COMMA = YES;
				CLANG_WARN_CONSTANT_CONVERSION = YES;
				CLANG_WARN_DEPRECATED_OBJC_IMPLEMENTATIONS = YES;
				CLANG_WARN_DIRECT_OBJC_ISA_USAGE = YES_ERROR;
				CLANG_WARN_DOCUMENTATION_COMMENTS = YES;
				CLANG_WARN_EMPTY_BODY = YES;
				CLANG_WARN_ENUM_CONVERSION = YES;
				CLANG_WARN_INFINITE_RECURSION = YES;
				CLANG_WARN_INT_CONVERSION = YES;
				CLANG_WARN_NON_LITERAL_NULL_CONVERSION = YES;
				CLANG_WARN_OBJC_IMPLICIT_RETAIN_SELF = YES;
				CLANG_WARN_OBJC_LITERAL_CONVERSION = YES;
				CLANG_WARN_OBJC_ROOT_CLASS = YES_ERROR;
				CLANG_WARN_QUOTED_INCLUDE_IN_FRAMEWORK_HEADER = YES;
				CLANG_WARN_RANGE_LOOP_ANALYSIS = YES;
				CLANG_WARN_STRICT_PROTOTYPES = YES;
				CLANG_WARN_SUSPICIOUS_MOVE = YES;
				CLANG_WARN_UNGUARDED_AVAILABILITY = YES_AGGRESSIVE;
				CLANG_WARN_UNREACHABLE_CODE = YES;
				CLANG_WARN__DUPLICATE_METHOD_MATCH = YES;
				COPY_PHASE_STRIP = NO;
				DEBUG_INFORMATION_FORMAT = "dwarf-with-dsym";
				ENABLE_NS_ASSERTIONS = NO;
				ENABLE_STRICT_OBJC_MSGSEND = YES;
				GCC_C_LANGUAGE_STANDARD = gnu11;
				GCC_NO_COMMON_BLOCKS = YES;
				GCC_WARN_64_TO_32_BIT_CONVERSION = YES;
				GCC_WARN_ABOUT_RETURN_TYPE = YES_ERROR;
				GCC_WARN_UNDECLARED_SELECTOR = YES;
				GCC_WARN_UNINITIALIZED_AUTOS = YES_AGGRESSIVE;
				GCC_WARN_UNUSED_FUNCTION = YES;
				GCC_WARN_UNUSED_VARIABLE = YES;
				IPHONEOS_DEPLOYMENT_TARGET = 16.1;
				MTL_ENABLE_DEBUG_INFO = NO;
				MTL_FAST_MATH = YES;
				SDKROOT = iphoneos;
				SWIFT_COMPILATION_MODE = wholemodule;
				SWIFT_OPTIMIZATION_LEVEL = "-O";
				VALIDATE_PRODUCT = YES;
			};
			name = Release;
		};
		4A8CEB902941EDFC00CE00BA /* Debug */ = {
			isa = XCBuildConfiguration;
			buildSettings = {
				ASSETCATALOG_COMPILER_APPICON_NAME = AppIcon;
				ASSETCATALOG_COMPILER_GLOBAL_ACCENT_COLOR_NAME = AccentColor;
				CODE_SIGN_STYLE = Automatic;
				CURRENT_PROJECT_VERSION = 1;
				DEVELOPMENT_ASSET_PATHS = "\"MyFirstiOSApp/Preview Content\"";
				DEVELOPMENT_TEAM = PMUCGBJYJT;
				ENABLE_PREVIEWS = YES;
				GENERATE_INFOPLIST_FILE = YES;
				INFOPLIST_KEY_UIApplicationSceneManifest_Generation = YES;
				INFOPLIST_KEY_UIApplicationSupportsIndirectInputEvents = YES;
				INFOPLIST_KEY_UILaunchScreen_Generation = YES;
				INFOPLIST_KEY_UISupportedInterfaceOrientations_iPad = "UIInterfaceOrientationPortrait UIInterfaceOrientationPortraitUpsideDown UIInterfaceOrientationLandscapeLeft UIInterfaceOrientationLandscapeRight";
				INFOPLIST_KEY_UISupportedInterfaceOrientations_iPhone = "UIInterfaceOrientationPortrait UIInterfaceOrientationLandscapeLeft UIInterfaceOrientationLandscapeRight";
				LD_RUNPATH_SEARCH_PATHS = (
					"$(inherited)",
					"@executable_path/Frameworks",
				);
				MARKETING_VERSION = 1.0;
				PRODUCT_BUNDLE_IDENTIFIER = com.venturelive.MyFirstiOSApp;
				PRODUCT_NAME = "$(TARGET_NAME)";
				SWIFT_EMIT_LOC_STRINGS = YES;
				SWIFT_VERSION = 5.0;
				TARGETED_DEVICE_FAMILY = "1,2";
			};
			name = Debug;
		};
		4A8CEB912941EDFC00CE00BA /* Release */ = {
			isa = XCBuildConfiguration;
			buildSettings = {
				ASSETCATALOG_COMPILER_APPICON_NAME = AppIcon;
				ASSETCATALOG_COMPILER_GLOBAL_ACCENT_COLOR_NAME = AccentColor;
				CODE_SIGN_STYLE = Automatic;
				CURRENT_PROJECT_VERSION = 1;
				DEVELOPMENT_ASSET_PATHS = "\"MyFirstiOSApp/Preview Content\"";
				DEVELOPMENT_TEAM = PMUCGBJYJT;
				ENABLE_PREVIEWS = YES;
				GENERATE_INFOPLIST_FILE = YES;
				INFOPLIST_KEY_UIApplicationSceneManifest_Generation = YES;
				INFOPLIST_KEY_UIApplicationSupportsIndirectInputEvents = YES;
				INFOPLIST_KEY_UILaunchScreen_Generation = YES;
				INFOPLIST_KEY_UISupportedInterfaceOrientations_iPad = "UIInterfaceOrientationPortrait UIInterfaceOrientationPortraitUpsideDown UIInterfaceOrientationLandscapeLeft UIInterfaceOrientationLandscapeRight";
				INFOPLIST_KEY_UISupportedInterfaceOrientations_iPhone = "UIInterfaceOrientationPortrait UIInterfaceOrientationLandscapeLeft UIInterfaceOrientationLandscapeRight";
				LD_RUNPATH_SEARCH_PATHS = (
					"$(inherited)",
					"@executable_path/Frameworks",
				);
				MARKETING_VERSION = 1.0;
				PRODUCT_BUNDLE_IDENTIFIER = com.venturelive.MyFirstiOSApp;
				PRODUCT_NAME = "$(TARGET_NAME)";
				SWIFT_EMIT_LOC_STRINGS = YES;
				SWIFT_VERSION = 5.0;
				TARGETED_DEVICE_FAMILY = "1,2";
			};
			name = Release;
		};
/* End XCBuildConfiguration section */

/* Begin XCConfigurationList section */
		4A8CEB7C2941EDFB00CE00BA /* Build configuration list for PBXProject "MyFirstiOSApp" */ = {
			isa = XCConfigurationList;
			buildConfigurations = (
				4A8CEB8D2941EDFC00CE00BA /* Debug */,
				4A8CEB8E2941EDFC00CE00BA /* Release */,
			);
			defaultConfigurationIsVisible = 0;
			defaultConfigurationName = Release;
		};
		4A8CEB8F2941EDFC00CE00BA /* Build configuration list for PBXNativeTarget "MyFirstiOSApp" */ = {
			isa = XCConfigurationList;
			buildConfigurations = (
				4A8CEB902941EDFC00CE00BA /* Debug */,
				4A8CEB912941EDFC00CE00BA /* Release */,
			);
			defaultConfigurationIsVisible = 0;
			defaultConfigurationName = Release;
		};
/* End XCConfigurationList section */
	};
	rootObject = 4A8CEB792941EDFB00CE00BA /* Project object */;
}
